
Microsoft Visual Studio Solution File, Format Version 12.00
# Visual Studio 2015
Project("{FAE04EC0-301F-11D3-BF4B-00C04F79EFBC}") = "Beaver.CSharp", "Beaver.CSharp.csproj", "{D7082177-2BFD-E178-F6C4-FBDB498402F0}"
EndProject
Global
	GlobalSection(SolutionConfigurationPlatforms) = preSolution
		Debug|Any CPU = Debug|Any CPU
		Release|Any CPU = Release|Any CPU
	EndGlobalSection
	GlobalSection(ProjectConfigurationPlatforms) = postSolution
		{D7082177-2BFD-E178-F6C4-FBDB498402F0}.Debug|Any CPU.ActiveCfg = Debug|Any CPU
		{D7082177-2BFD-E178-F6C4-FBDB498402F0}.Debug|Any CPU.Build.0 = Debug|Any CPU
		{D7082177-2BFD-E178-F6C4-FBDB498402F0}.Release|Any CPU.ActiveCfg = Release|Any CPU
		{D7082177-2BFD-E178-F6C4-FBDB498402F0}.Release|Any CPU.Build.0 = Release|Any CPU
	EndGlobalSection
	GlobalSection(SolutionProperties) = preSolution
		HideSolutionNode = FALSE
	EndGlobalSection
EndGlobal
